
Microsoft Visual Studio Solution File, Format Version 12.00
# Visual Studio Version 16
VisualStudioVersion = 16.0.31729.503
MinimumVisualStudioVersion = 10.0.40219.1
Project("{FAE04EC0-301F-11D3-BF4B-00C04F79EFBC}") = "denom", "denom\denom.csproj", "{5A69F7ED-CFD2-4DF1-B794-76E8CBFCF6DF}"
EndProject
Global
	GlobalSection(SolutionConfigurationPlatforms) = preSolution
		Debug|Any CPU = Debug|Any CPU
		Release|Any CPU = Release|Any CPU
	EndGlobalSection
	GlobalSection(ProjectConfigurationPlatforms) = postSolution
		{5A69F7ED-CFD2-4DF1-B794-76E8CBFCF6DF}.Debug|Any CPU.ActiveCfg = Debug|Any CPU
		{5A69F7ED-CFD2-4DF1-B794-76E8CBFCF6DF}.Debug|Any CPU.Build.0 = Debug|Any CPU
		{5A69F7ED-CFD2-4DF1-B794-76E8CBFCF6DF}.Release|Any CPU.ActiveCfg = Release|Any CPU
		{5A69F7ED-CFD2-4DF1-B794-76E8CBFCF6DF}.Release|Any CPU.Build.0 = Release|Any CPU
	EndGlobalSection
	GlobalSection(SolutionProperties) = preSolution
		HideSolutionNode = FALSE
	EndGlobalSection
	GlobalSection(ExtensibilityGlobals) = postSolution
		SolutionGuid = {33BE45DB-5E2D-4C5C-A651-EE3B58F6D4A7}
	EndGlobalSection
EndGlobal
